// !$*UTF8*$!
{
	archiveVersion = 1;
	classes = {
	};
	objectVersion = 50;
	objects = {

/* Begin PBXBuildFile section */
		484C40A02511E90DFF1EBEB2 /* MainScreenProtocols.swift in Sources */ = {isa = PBXBuildFile; fileRef = A1DA1D676517E2ADA95B3F69 /* MainScreenProtocols.swift */; };
		5282F11FACCD2412EB7C8ED6 /* LaunchRouter.swift in Sources */ = {isa = PBXBuildFile; fileRef = 5E9F39DF01391639B5B9C7A0 /* LaunchRouter.swift */; };
		5C529CF24FBA5F4F16DDBD93 /* LaunchConfigurator.swift in Sources */ = {isa = PBXBuildFile; fileRef = 04D20318E3AC841E686FCCD2 /* LaunchConfigurator.swift */; };
		5E9505935A740B78CD6B7F7A /* LaunchPresenter.swift in Sources */ = {isa = PBXBuildFile; fileRef = 6406887F3B528191110939B6 /* LaunchPresenter.swift */; };
		6113813B5ACA01A0EAB9ED00 /* MainScreenViewController.swift in Sources */ = {isa = PBXBuildFile; fileRef = 9C6A2F616DE2AF0225F711DD /* MainScreenViewController.swift */; };
		74E032ECE0F0635AF296DA51 /* LaunchProtocols.swift in Sources */ = {isa = PBXBuildFile; fileRef = 9C4C21B315C2010A68B2FE55 /* LaunchProtocols.swift */; };
		A0E67D62717F7BE5DF83151D /* MainScreenConfigurator.swift in Sources */ = {isa = PBXBuildFile; fileRef = B84589F1BC3621CB550ABD23 /* MainScreenConfigurator.swift */; };
		A20692D077C7B437CACDEED1 /* MainScreenPresenter.swift in Sources */ = {isa = PBXBuildFile; fileRef = E9048A5D46B7D4C82C9FDA43 /* MainScreenPresenter.swift */; };
		A387456B60C7C24BD58D1D05 /* LaunchViewController.swift in Sources */ = {isa = PBXBuildFile; fileRef = 26F65583C7D01588F4A304C4 /* LaunchViewController.swift */; };
		A84E46404695904B7AB09DCD /* LaunchInteractor.swift in Sources */ = {isa = PBXBuildFile; fileRef = 83D9162C5B008F3BFD3B3B93 /* LaunchInteractor.swift */; };
		BC53D7C70FDB354D0BE926A7 /* MainScreenInteractor.swift in Sources */ = {isa = PBXBuildFile; fileRef = DF234BA6AB1F1CD3D5094E3D /* MainScreenInteractor.swift */; };
		BE40C1FE228CA1C700FFB9AC /* AppDelegate.swift in Sources */ = {isa = PBXBuildFile; fileRef = BE40C1FD228CA1C700FFB9AC /* AppDelegate.swift */; };
		BE40C206228CA1C700FFB9AC /* Preacher.xcdatamodeld in Sources */ = {isa = PBXBuildFile; fileRef = BE40C204228CA1C700FFB9AC /* Preacher.xcdatamodeld */; };
		BE40C208228CA1C800FFB9AC /* Assets.xcassets in Resources */ = {isa = PBXBuildFile; fileRef = BE40C207228CA1C800FFB9AC /* Assets.xcassets */; };
		BE40C20B228CA1C800FFB9AC /* LaunchScreen.storyboard in Resources */ = {isa = PBXBuildFile; fileRef = BE40C209228CA1C800FFB9AC /* LaunchScreen.storyboard */; };
		BE40C215228CA5CE00FFB9AC /* Launch.storyboard in Resources */ = {isa = PBXBuildFile; fileRef = BE40C214228CA5CE00FFB9AC /* Launch.storyboard */; };
		BE40C220228CAA1600FFB9AC /* html_specials.plist in Resources */ = {isa = PBXBuildFile; fileRef = BE40C218228CAA1600FFB9AC /* html_specials.plist */; };
		BE40C221228CAA1600FFB9AC /* HTMLSpecials.swift in Sources */ = {isa = PBXBuildFile; fileRef = BE40C219228CAA1600FFB9AC /* HTMLSpecials.swift */; };
		BE40C222228CAA1600FFB9AC /* NSScanner+Swift.swift in Sources */ = {isa = PBXBuildFile; fileRef = BE40C21A228CAA1600FFB9AC /* NSScanner+Swift.swift */; };
		BE40C223228CAA1600FFB9AC /* Style.swift in Sources */ = {isa = PBXBuildFile; fileRef = BE40C21B228CAA1600FFB9AC /* Style.swift */; };
		BE40C224228CAA1600FFB9AC /* String+Detection.swift in Sources */ = {isa = PBXBuildFile; fileRef = BE40C21C228CAA1600FFB9AC /* String+Detection.swift */; };
		BE40C225228CAA1600FFB9AC /* AttributedLabel.swift in Sources */ = {isa = PBXBuildFile; fileRef = BE40C21D228CAA1600FFB9AC /* AttributedLabel.swift */; };
		BE40C226228CAA1600FFB9AC /* NSAttributedString+Utils.swift in Sources */ = {isa = PBXBuildFile; fileRef = BE40C21E228CAA1600FFB9AC /* NSAttributedString+Utils.swift */; };
		BE40C227228CAA1600FFB9AC /* AttributedText.swift in Sources */ = {isa = PBXBuildFile; fileRef = BE40C21F228CAA1600FFB9AC /* AttributedText.swift */; };
		BE40C229228CB39900FFB9AC /* UIColor+Helpers.swift in Sources */ = {isa = PBXBuildFile; fileRef = BE40C228228CB39900FFB9AC /* UIColor+Helpers.swift */; };
		BE40C22B228CB87100FFB9AC /* MainScreen.storyboard in Resources */ = {isa = PBXBuildFile; fileRef = BE40C22A228CB87100FFB9AC /* MainScreen.storyboard */; };
		BE40C236228CC19200FFB9AC /* Session.swift in Sources */ = {isa = PBXBuildFile; fileRef = BE40C22D228CC19100FFB9AC /* Session.swift */; };
		BE40C237228CC19200FFB9AC /* Canvas.swift in Sources */ = {isa = PBXBuildFile; fileRef = BE40C22E228CC19200FFB9AC /* Canvas.swift */; };
		BE40C238228CC19200FFB9AC /* UIImageExtractExtension.swift in Sources */ = {isa = PBXBuildFile; fileRef = BE40C22F228CC19200FFB9AC /* UIImageExtractExtension.swift */; };
		BE40C239228CC19200FFB9AC /* ToolBar.swift in Sources */ = {isa = PBXBuildFile; fileRef = BE40C230228CC19200FFB9AC /* ToolBar.swift */; };
		BE40C23A228CC19200FFB9AC /* Palette.swift in Sources */ = {isa = PBXBuildFile; fileRef = BE40C231228CC19200FFB9AC /* Palette.swift */; };
		BE40C23B228CC19200FFB9AC /* Brush.swift in Sources */ = {isa = PBXBuildFile; fileRef = BE40C232228CC19200FFB9AC /* Brush.swift */; };
		BE40C23C228CC19200FFB9AC /* Drawing.swift in Sources */ = {isa = PBXBuildFile; fileRef = BE40C233228CC19200FFB9AC /* Drawing.swift */; };
		BE40C23D228CC19200FFB9AC /* CircleButton.swift in Sources */ = {isa = PBXBuildFile; fileRef = BE40C234228CC19200FFB9AC /* CircleButton.swift */; };
		BE40C23E228CC19200FFB9AC /* UIViewFrameExtension.swift in Sources */ = {isa = PBXBuildFile; fileRef = BE40C235228CC19200FFB9AC /* UIViewFrameExtension.swift */; };
		DD8F9A42078D9F9E3D9523E9 /* MainScreenRouter.swift in Sources */ = {isa = PBXBuildFile; fileRef = D92E6D845299439AF149B2CD /* MainScreenRouter.swift */; };
/* End PBXBuildFile section */

/* Begin PBXFileReference section */
		04D20318E3AC841E686FCCD2 /* LaunchConfigurator.swift */ = {isa = PBXFileReference; includeInIndex = 1; lastKnownFileType = sourcecode.swift; path = LaunchConfigurator.swift; sourceTree = "<group>"; };
		26F65583C7D01588F4A304C4 /* LaunchViewController.swift */ = {isa = PBXFileReference; includeInIndex = 1; lastKnownFileType = sourcecode.swift; path = LaunchViewController.swift; sourceTree = "<group>"; };
		5E9F39DF01391639B5B9C7A0 /* LaunchRouter.swift */ = {isa = PBXFileReference; includeInIndex = 1; lastKnownFileType = sourcecode.swift; path = LaunchRouter.swift; sourceTree = "<group>"; };
		6406887F3B528191110939B6 /* LaunchPresenter.swift */ = {isa = PBXFileReference; includeInIndex = 1; lastKnownFileType = sourcecode.swift; path = LaunchPresenter.swift; sourceTree = "<group>"; };
		83D9162C5B008F3BFD3B3B93 /* LaunchInteractor.swift */ = {isa = PBXFileReference; includeInIndex = 1; lastKnownFileType = sourcecode.swift; path = LaunchInteractor.swift; sourceTree = "<group>"; };
		9C4C21B315C2010A68B2FE55 /* LaunchProtocols.swift */ = {isa = PBXFileReference; includeInIndex = 1; lastKnownFileType = sourcecode.swift; path = LaunchProtocols.swift; sourceTree = "<group>"; };
		9C6A2F616DE2AF0225F711DD /* MainScreenViewController.swift */ = {isa = PBXFileReference; includeInIndex = 1; lastKnownFileType = sourcecode.swift; path = MainScreenViewController.swift; sourceTree = "<group>"; };
		A1DA1D676517E2ADA95B3F69 /* MainScreenProtocols.swift */ = {isa = PBXFileReference; includeInIndex = 1; lastKnownFileType = sourcecode.swift; path = MainScreenProtocols.swift; sourceTree = "<group>"; };
		B84589F1BC3621CB550ABD23 /* MainScreenConfigurator.swift */ = {isa = PBXFileReference; includeInIndex = 1; lastKnownFileType = sourcecode.swift; path = MainScreenConfigurator.swift; sourceTree = "<group>"; };
		BE40C1FA228CA1C700FFB9AC /* Preacher.app */ = {isa = PBXFileReference; explicitFileType = wrapper.application; includeInIndex = 0; path = Preacher.app; sourceTree = BUILT_PRODUCTS_DIR; };
		BE40C1FD228CA1C700FFB9AC /* AppDelegate.swift */ = {isa = PBXFileReference; lastKnownFileType = sourcecode.swift; path = AppDelegate.swift; sourceTree = "<group>"; };
		BE40C205228CA1C700FFB9AC /* Preacher.xcdatamodel */ = {isa = PBXFileReference; lastKnownFileType = wrapper.xcdatamodel; path = Preacher.xcdatamodel; sourceTree = "<group>"; };
		BE40C207228CA1C800FFB9AC /* Assets.xcassets */ = {isa = PBXFileReference; lastKnownFileType = folder.assetcatalog; path = Assets.xcassets; sourceTree = "<group>"; };
		BE40C20A228CA1C800FFB9AC /* Base */ = {isa = PBXFileReference; lastKnownFileType = file.storyboard; name = Base; path = Base.lproj/LaunchScreen.storyboard; sourceTree = "<group>"; };
		BE40C20C228CA1C800FFB9AC /* Info.plist */ = {isa = PBXFileReference; lastKnownFileType = text.plist.xml; path = Info.plist; sourceTree = "<group>"; };
		BE40C214228CA5CE00FFB9AC /* Launch.storyboard */ = {isa = PBXFileReference; lastKnownFileType = file.storyboard; path = Launch.storyboard; sourceTree = "<group>"; };
		BE40C218228CAA1600FFB9AC /* html_specials.plist */ = {isa = PBXFileReference; lastKnownFileType = file.bplist; path = html_specials.plist; sourceTree = "<group>"; };
		BE40C219228CAA1600FFB9AC /* HTMLSpecials.swift */ = {isa = PBXFileReference; fileEncoding = 4; lastKnownFileType = sourcecode.swift; path = HTMLSpecials.swift; sourceTree = "<group>"; };
		BE40C21A228CAA1600FFB9AC /* NSScanner+Swift.swift */ = {isa = PBXFileReference; fileEncoding = 4; lastKnownFileType = sourcecode.swift; path = "NSScanner+Swift.swift"; sourceTree = "<group>"; };
		BE40C21B228CAA1600FFB9AC /* Style.swift */ = {isa = PBXFileReference; fileEncoding = 4; lastKnownFileType = sourcecode.swift; path = Style.swift; sourceTree = "<group>"; };
		BE40C21C228CAA1600FFB9AC /* String+Detection.swift */ = {isa = PBXFileReference; fileEncoding = 4; lastKnownFileType = sourcecode.swift; path = "String+Detection.swift"; sourceTree = "<group>"; };
		BE40C21D228CAA1600FFB9AC /* AttributedLabel.swift */ = {isa = PBXFileReference; fileEncoding = 4; lastKnownFileType = sourcecode.swift; path = AttributedLabel.swift; sourceTree = "<group>"; };
		BE40C21E228CAA1600FFB9AC /* NSAttributedString+Utils.swift */ = {isa = PBXFileReference; fileEncoding = 4; lastKnownFileType = sourcecode.swift; path = "NSAttributedString+Utils.swift"; sourceTree = "<group>"; };
		BE40C21F228CAA1600FFB9AC /* AttributedText.swift */ = {isa = PBXFileReference; fileEncoding = 4; lastKnownFileType = sourcecode.swift; path = AttributedText.swift; sourceTree = "<group>"; };
		BE40C228228CB39900FFB9AC /* UIColor+Helpers.swift */ = {isa = PBXFileReference; lastKnownFileType = sourcecode.swift; path = "UIColor+Helpers.swift"; sourceTree = "<group>"; };
		BE40C22A228CB87100FFB9AC /* MainScreen.storyboard */ = {isa = PBXFileReference; lastKnownFileType = file.storyboard; path = MainScreen.storyboard; sourceTree = "<group>"; };
		BE40C22D228CC19100FFB9AC /* Session.swift */ = {isa = PBXFileReference; fileEncoding = 4; lastKnownFileType = sourcecode.swift; path = Session.swift; sourceTree = "<group>"; };
		BE40C22E228CC19200FFB9AC /* Canvas.swift */ = {isa = PBXFileReference; fileEncoding = 4; lastKnownFileType = sourcecode.swift; path = Canvas.swift; sourceTree = "<group>"; };
		BE40C22F228CC19200FFB9AC /* UIImageExtractExtension.swift */ = {isa = PBXFileReference; fileEncoding = 4; lastKnownFileType = sourcecode.swift; path = UIImageExtractExtension.swift; sourceTree = "<group>"; };
		BE40C230228CC19200FFB9AC /* ToolBar.swift */ = {isa = PBXFileReference; fileEncoding = 4; lastKnownFileType = sourcecode.swift; path = ToolBar.swift; sourceTree = "<group>"; };
		BE40C231228CC19200FFB9AC /* Palette.swift */ = {isa = PBXFileReference; fileEncoding = 4; lastKnownFileType = sourcecode.swift; path = Palette.swift; sourceTree = "<group>"; };
		BE40C232228CC19200FFB9AC /* Brush.swift */ = {isa = PBXFileReference; fileEncoding = 4; lastKnownFileType = sourcecode.swift; path = Brush.swift; sourceTree = "<group>"; };
		BE40C233228CC19200FFB9AC /* Drawing.swift */ = {isa = PBXFileReference; fileEncoding = 4; lastKnownFileType = sourcecode.swift; path = Drawing.swift; sourceTree = "<group>"; };
		BE40C234228CC19200FFB9AC /* CircleButton.swift */ = {isa = PBXFileReference; fileEncoding = 4; lastKnownFileType = sourcecode.swift; path = CircleButton.swift; sourceTree = "<group>"; };
		BE40C235228CC19200FFB9AC /* UIViewFrameExtension.swift */ = {isa = PBXFileReference; fileEncoding = 4; lastKnownFileType = sourcecode.swift; path = UIViewFrameExtension.swift; sourceTree = "<group>"; };
		D92E6D845299439AF149B2CD /* MainScreenRouter.swift */ = {isa = PBXFileReference; includeInIndex = 1; lastKnownFileType = sourcecode.swift; path = MainScreenRouter.swift; sourceTree = "<group>"; };
		DF234BA6AB1F1CD3D5094E3D /* MainScreenInteractor.swift */ = {isa = PBXFileReference; includeInIndex = 1; lastKnownFileType = sourcecode.swift; path = MainScreenInteractor.swift; sourceTree = "<group>"; };
		E9048A5D46B7D4C82C9FDA43 /* MainScreenPresenter.swift */ = {isa = PBXFileReference; includeInIndex = 1; lastKnownFileType = sourcecode.swift; path = MainScreenPresenter.swift; sourceTree = "<group>"; };
/* End PBXFileReference section */

/* Begin PBXFrameworksBuildPhase section */
		BE40C1F7228CA1C700FFB9AC /* Frameworks */ = {
			isa = PBXFrameworksBuildPhase;
			buildActionMask = 2147483647;
			files = (
			);
			runOnlyForDeploymentPostprocessing = 0;
		};
/* End PBXFrameworksBuildPhase section */

/* Begin PBXGroup section */
		16A3AB0C7683C9A3B78837B2 /* Protocols */ = {
			isa = PBXGroup;
			children = (
				9C4C21B315C2010A68B2FE55 /* LaunchProtocols.swift */,
			);
			path = Protocols;
			sourceTree = "<group>";
		};
		20CC72B6F35EB7DDEBD63FF7 /* Interactor */ = {
			isa = PBXGroup;
			children = (
				83D9162C5B008F3BFD3B3B93 /* LaunchInteractor.swift */,
			);
			path = Interactor;
			sourceTree = "<group>";
		};
		28ECA287197D411A2F5143CB /* View */ = {
			isa = PBXGroup;
			children = (
				26F65583C7D01588F4A304C4 /* LaunchViewController.swift */,
				BE40C214228CA5CE00FFB9AC /* Launch.storyboard */,
			);
			path = View;
			sourceTree = "<group>";
		};
		39B5D45C11BCCEC6B4CEB43C /* Presenter */ = {
			isa = PBXGroup;
			children = (
				6406887F3B528191110939B6 /* LaunchPresenter.swift */,
			);
			path = Presenter;
			sourceTree = "<group>";
		};
		3F64E1C9EDAC313561FB615F /* Submodules */ = {
			isa = PBXGroup;
			children = (
				B441A04662E46D7994E78AE3 /* Launch */,
				C9CAA6626B5B9DCC2A8179B9 /* MainScreen */,
			);
			path = Submodules;
			sourceTree = "<group>";
		};
		54090B3607A6599468ED7585 /* Router */ = {
			isa = PBXGroup;
			children = (
				D92E6D845299439AF149B2CD /* MainScreenRouter.swift */,
			);
			path = Router;
			sourceTree = "<group>";
		};
		61668A9FF130CAA1C49278A7 /* Configurator */ = {
			isa = PBXGroup;
			children = (
				B84589F1BC3621CB550ABD23 /* MainScreenConfigurator.swift */,
			);
			path = Configurator;
			sourceTree = "<group>";
		};
		769AEA9959FEAB9C4A9DBB70 /* Presenter */ = {
			isa = PBXGroup;
			children = (
				E9048A5D46B7D4C82C9FDA43 /* MainScreenPresenter.swift */,
			);
			path = Presenter;
			sourceTree = "<group>";
		};
		856673E6A1FBFC2A95973D00 /* Protocols */ = {
			isa = PBXGroup;
			children = (
				A1DA1D676517E2ADA95B3F69 /* MainScreenProtocols.swift */,
			);
			path = Protocols;
			sourceTree = "<group>";
		};
		B11C40AACBE14841E4AE3017 /* src */ = {
			isa = PBXGroup;
			children = (
				BE40C216228CA9FE00FFB9AC /* Helpers */,
				BE40C1FD228CA1C700FFB9AC /* AppDelegate.swift */,
				3F64E1C9EDAC313561FB615F /* Submodules */,
			);
			path = src;
			sourceTree = "<group>";
		};
		B441A04662E46D7994E78AE3 /* Launch */ = {
			isa = PBXGroup;
			children = (
				28ECA287197D411A2F5143CB /* View */,
				39B5D45C11BCCEC6B4CEB43C /* Presenter */,
				20CC72B6F35EB7DDEBD63FF7 /* Interactor */,
				CD7FA758AFDDD5FBD99C398E /* Router */,
				E272B94EB9DC1A3B49134F37 /* Configurator */,
				16A3AB0C7683C9A3B78837B2 /* Protocols */,
			);
			path = Launch;
			sourceTree = "<group>";
		};
		BAE8DE702279AD0C870B459A /* Interactor */ = {
			isa = PBXGroup;
			children = (
				DF234BA6AB1F1CD3D5094E3D /* MainScreenInteractor.swift */,
			);
			path = Interactor;
			sourceTree = "<group>";
		};
		BE40C1F1228CA1C600FFB9AC = {
			isa = PBXGroup;
			children = (
				BE40C1FC228CA1C700FFB9AC /* Preacher */,
				BE40C1FB228CA1C700FFB9AC /* Products */,
			);
			sourceTree = "<group>";
		};
		BE40C1FB228CA1C700FFB9AC /* Products */ = {
			isa = PBXGroup;
			children = (
				BE40C1FA228CA1C700FFB9AC /* Preacher.app */,
			);
			name = Products;
			sourceTree = "<group>";
		};
		BE40C1FC228CA1C700FFB9AC /* Preacher */ = {
			isa = PBXGroup;
			children = (
				BE40C207228CA1C800FFB9AC /* Assets.xcassets */,
				BE40C209228CA1C800FFB9AC /* LaunchScreen.storyboard */,
				BE40C20C228CA1C800FFB9AC /* Info.plist */,
				BE40C204228CA1C700FFB9AC /* Preacher.xcdatamodeld */,
				B11C40AACBE14841E4AE3017 /* src */,
			);
			path = Preacher;
			sourceTree = "<group>";
		};
		BE40C216228CA9FE00FFB9AC /* Helpers */ = {
			isa = PBXGroup;
			children = (
				BE40C22C228CC18300FFB9AC /* Draw+Helpers */,
				BE40C217228CAA0400FFB9AC /* AttributeString+Helpers */,
				BE40C228228CB39900FFB9AC /* UIColor+Helpers.swift */,
			);
			path = Helpers;
			sourceTree = "<group>";
		};
		BE40C217228CAA0400FFB9AC /* AttributeString+Helpers */ = {
			isa = PBXGroup;
			children = (
				BE40C21D228CAA1600FFB9AC /* AttributedLabel.swift */,
				BE40C21F228CAA1600FFB9AC /* AttributedText.swift */,
				BE40C218228CAA1600FFB9AC /* html_specials.plist */,
				BE40C219228CAA1600FFB9AC /* HTMLSpecials.swift */,
				BE40C21E228CAA1600FFB9AC /* NSAttributedString+Utils.swift */,
				BE40C21A228CAA1600FFB9AC /* NSScanner+Swift.swift */,
				BE40C21C228CAA1600FFB9AC /* String+Detection.swift */,
				BE40C21B228CAA1600FFB9AC /* Style.swift */,
			);
			path = "AttributeString+Helpers";
			sourceTree = "<group>";
		};
		BE40C22C228CC18300FFB9AC /* Draw+Helpers */ = {
			isa = PBXGroup;
			children = (
				BE40C232228CC19200FFB9AC /* Brush.swift */,
				BE40C22E228CC19200FFB9AC /* Canvas.swift */,
				BE40C234228CC19200FFB9AC /* CircleButton.swift */,
				BE40C233228CC19200FFB9AC /* Drawing.swift */,
				BE40C231228CC19200FFB9AC /* Palette.swift */,
				BE40C22D228CC19100FFB9AC /* Session.swift */,
				BE40C230228CC19200FFB9AC /* ToolBar.swift */,
				BE40C22F228CC19200FFB9AC /* UIImageExtractExtension.swift */,
				BE40C235228CC19200FFB9AC /* UIViewFrameExtension.swift */,
			);
			path = "Draw+Helpers";
			sourceTree = "<group>";
		};
		C9CAA6626B5B9DCC2A8179B9 /* MainScreen */ = {
			isa = PBXGroup;
			children = (
				EE673917F0728EC3943D24D7 /* View */,
				769AEA9959FEAB9C4A9DBB70 /* Presenter */,
				BAE8DE702279AD0C870B459A /* Interactor */,
				54090B3607A6599468ED7585 /* Router */,
				61668A9FF130CAA1C49278A7 /* Configurator */,
				856673E6A1FBFC2A95973D00 /* Protocols */,
			);
			path = MainScreen;
			sourceTree = "<group>";
		};
		CD7FA758AFDDD5FBD99C398E /* Router */ = {
			isa = PBXGroup;
			children = (
				5E9F39DF01391639B5B9C7A0 /* LaunchRouter.swift */,
			);
			path = Router;
			sourceTree = "<group>";
		};
		E272B94EB9DC1A3B49134F37 /* Configurator */ = {
			isa = PBXGroup;
			children = (
				04D20318E3AC841E686FCCD2 /* LaunchConfigurator.swift */,
			);
			path = Configurator;
			sourceTree = "<group>";
		};
		EE673917F0728EC3943D24D7 /* View */ = {
			isa = PBXGroup;
			children = (
				9C6A2F616DE2AF0225F711DD /* MainScreenViewController.swift */,
				BE40C22A228CB87100FFB9AC /* MainScreen.storyboard */,
			);
			path = View;
			sourceTree = "<group>";
		};
/* End PBXGroup section */

/* Begin PBXNativeTarget section */
		BE40C1F9228CA1C700FFB9AC /* Preacher */ = {
			isa = PBXNativeTarget;
			buildConfigurationList = BE40C20F228CA1C800FFB9AC /* Build configuration list for PBXNativeTarget "Preacher" */;
			buildPhases = (
				BE40C1F6228CA1C700FFB9AC /* Sources */,
				BE40C1F7228CA1C700FFB9AC /* Frameworks */,
				BE40C1F8228CA1C700FFB9AC /* Resources */,
			);
			buildRules = (
			);
			dependencies = (
			);
			name = Preacher;
			productName = Preacher;
			productReference = BE40C1FA228CA1C700FFB9AC /* Preacher.app */;
			productType = "com.apple.product-type.application";
		};
/* End PBXNativeTarget section */

/* Begin PBXProject section */
		BE40C1F2228CA1C700FFB9AC /* Project object */ = {
			isa = PBXProject;
			attributes = {
				LastSwiftUpdateCheck = 1020;
				LastUpgradeCheck = 1020;
				ORGANIZATIONNAME = "Gleb Karpushkin";
				TargetAttributes = {
					BE40C1F9228CA1C700FFB9AC = {
						CreatedOnToolsVersion = 10.2.1;
					};
				};
			};
			buildConfigurationList = BE40C1F5228CA1C700FFB9AC /* Build configuration list for PBXProject "Preacher" */;
			compatibilityVersion = "Xcode 9.3";
			developmentRegion = en;
			hasScannedForEncodings = 0;
			knownRegions = (
				en,
				Base,
			);
			mainGroup = BE40C1F1228CA1C600FFB9AC;
			productRefGroup = BE40C1FB228CA1C700FFB9AC /* Products */;
			projectDirPath = "";
			projectRoot = "";
			targets = (
				BE40C1F9228CA1C700FFB9AC /* Preacher */,
			);
		};
/* End PBXProject section */

/* Begin PBXResourcesBuildPhase section */
		BE40C1F8228CA1C700FFB9AC /* Resources */ = {
			isa = PBXResourcesBuildPhase;
			buildActionMask = 2147483647;
			files = (
				BE40C20B228CA1C800FFB9AC /* LaunchScreen.storyboard in Resources */,
				BE40C22B228CB87100FFB9AC /* MainScreen.storyboard in Resources */,
				BE40C220228CAA1600FFB9AC /* html_specials.plist in Resources */,
				BE40C208228CA1C800FFB9AC /* Assets.xcassets in Resources */,
				BE40C215228CA5CE00FFB9AC /* Launch.storyboard in Resources */,
			);
			runOnlyForDeploymentPostprocessing = 0;
		};
/* End PBXResourcesBuildPhase section */

/* Begin PBXSourcesBuildPhase section */
		BE40C1F6228CA1C700FFB9AC /* Sources */ = {
			isa = PBXSourcesBuildPhase;
			buildActionMask = 2147483647;
			files = (
				BE40C1FE228CA1C700FFB9AC /* AppDelegate.swift in Sources */,
				BE40C222228CAA1600FFB9AC /* NSScanner+Swift.swift in Sources */,
				BE40C23B228CC19200FFB9AC /* Brush.swift in Sources */,
				BE40C238228CC19200FFB9AC /* UIImageExtractExtension.swift in Sources */,
				BE40C23A228CC19200FFB9AC /* Palette.swift in Sources */,
				BE40C206228CA1C700FFB9AC /* Preacher.xcdatamodeld in Sources */,
				BE40C23C228CC19200FFB9AC /* Drawing.swift in Sources */,
				BE40C227228CAA1600FFB9AC /* AttributedText.swift in Sources */,
				A387456B60C7C24BD58D1D05 /* LaunchViewController.swift in Sources */,
				5E9505935A740B78CD6B7F7A /* LaunchPresenter.swift in Sources */,
				BE40C226228CAA1600FFB9AC /* NSAttributedString+Utils.swift in Sources */,
				A84E46404695904B7AB09DCD /* LaunchInteractor.swift in Sources */,
				BE40C224228CAA1600FFB9AC /* String+Detection.swift in Sources */,
				BE40C225228CAA1600FFB9AC /* AttributedLabel.swift in Sources */,
				5282F11FACCD2412EB7C8ED6 /* LaunchRouter.swift in Sources */,
				BE40C23D228CC19200FFB9AC /* CircleButton.swift in Sources */,
				BE40C237228CC19200FFB9AC /* Canvas.swift in Sources */,
				BE40C229228CB39900FFB9AC /* UIColor+Helpers.swift in Sources */,
				5C529CF24FBA5F4F16DDBD93 /* LaunchConfigurator.swift in Sources */,
				74E032ECE0F0635AF296DA51 /* LaunchProtocols.swift in Sources */,
				BE40C23E228CC19200FFB9AC /* UIViewFrameExtension.swift in Sources */,
				BE40C221228CAA1600FFB9AC /* HTMLSpecials.swift in Sources */,
				BE40C223228CAA1600FFB9AC /* Style.swift in Sources */,
				6113813B5ACA01A0EAB9ED00 /* MainScreenViewController.swift in Sources */,
				A20692D077C7B437CACDEED1 /* MainScreenPresenter.swift in Sources */,
				BC53D7C70FDB354D0BE926A7 /* MainScreenInteractor.swift in Sources */,
				BE40C236228CC19200FFB9AC /* Session.swift in Sources */,
				DD8F9A42078D9F9E3D9523E9 /* MainScreenRouter.swift in Sources */,
				BE40C239228CC19200FFB9AC /* ToolBar.swift in Sources */,
				A0E67D62717F7BE5DF83151D /* MainScreenConfigurator.swift in Sources */,
				484C40A02511E90DFF1EBEB2 /* MainScreenProtocols.swift in Sources */,
			);
			runOnlyForDeploymentPostprocessing = 0;
		};
/* End PBXSourcesBuildPhase section */

/* Begin PBXVariantGroup section */
		BE40C209228CA1C800FFB9AC /* LaunchScreen.storyboard */ = {
			isa = PBXVariantGroup;
			children = (
				BE40C20A228CA1C800FFB9AC /* Base */,
			);
			name = LaunchScreen.storyboard;
			sourceTree = "<group>";
		};
/* End PBXVariantGroup section */

/* Begin XCBuildConfiguration section */
		BE40C20D228CA1C800FFB9AC /* Debug */ = {
			isa = XCBuildConfiguration;
			buildSettings = {
				ALWAYS_SEARCH_USER_PATHS = NO;
				CLANG_ANALYZER_NONNULL = YES;
				CLANG_ANALYZER_NUMBER_OBJECT_CONVERSION = YES_AGGRESSIVE;
				CLANG_CXX_LANGUAGE_STANDARD = "gnu++14";
				CLANG_CXX_LIBRARY = "libc++";
				CLANG_ENABLE_MODULES = YES;
				CLANG_ENABLE_OBJC_ARC = YES;
				CLANG_ENABLE_OBJC_WEAK = YES;
				CLANG_WARN_BLOCK_CAPTURE_AUTORELEASING = YES;
				CLANG_WARN_BOOL_CONVERSION = YES;
				CLANG_WARN_COMMA = YES;
				CLANG_WARN_CONSTANT_CONVERSION = YES;
				CLANG_WARN_DEPRECATED_OBJC_IMPLEMENTATIONS = YES;
				CLANG_WARN_DIRECT_OBJC_ISA_USAGE = YES_ERROR;
				CLANG_WARN_DOCUMENTATION_COMMENTS = YES;
				CLANG_WARN_EMPTY_BODY = YES;
				CLANG_WARN_ENUM_CONVERSION = YES;
				CLANG_WARN_INFINITE_RECURSION = YES;
				CLANG_WARN_INT_CONVERSION = YES;
				CLANG_WARN_NON_LITERAL_NULL_CONVERSION = YES;
				CLANG_WARN_OBJC_IMPLICIT_RETAIN_SELF = YES;
				CLANG_WARN_OBJC_LITERAL_CONVERSION = YES;
				CLANG_WARN_OBJC_ROOT_CLASS = YES_ERROR;
				CLANG_WARN_RANGE_LOOP_ANALYSIS = YES;
				CLANG_WARN_STRICT_PROTOTYPES = YES;
				CLANG_WARN_SUSPICIOUS_MOVE = YES;
				CLANG_WARN_UNGUARDED_AVAILABILITY = YES_AGGRESSIVE;
				CLANG_WARN_UNREACHABLE_CODE = YES;
				CLANG_WARN__DUPLICATE_METHOD_MATCH = YES;
				CODE_SIGN_IDENTITY = "iPhone Developer";
				COPY_PHASE_STRIP = NO;
				DEBUG_INFORMATION_FORMAT = dwarf;
				ENABLE_STRICT_OBJC_MSGSEND = YES;
				ENABLE_TESTABILITY = YES;
				GCC_C_LANGUAGE_STANDARD = gnu11;
				GCC_DYNAMIC_NO_PIC = NO;
				GCC_NO_COMMON_BLOCKS = YES;
				GCC_OPTIMIZATION_LEVEL = 0;
				GCC_PREPROCESSOR_DEFINITIONS = (
					"DEBUG=1",
					"$(inherited)",
				);
				GCC_WARN_64_TO_32_BIT_CONVERSION = YES;
				GCC_WARN_ABOUT_RETURN_TYPE = YES_ERROR;
				GCC_WARN_UNDECLARED_SELECTOR = YES;
				GCC_WARN_UNINITIALIZED_AUTOS = YES_AGGRESSIVE;
				GCC_WARN_UNUSED_FUNCTION = YES;
				GCC_WARN_UNUSED_VARIABLE = YES;
				IPHONEOS_DEPLOYMENT_TARGET = 11.0;
				MTL_ENABLE_DEBUG_INFO = INCLUDE_SOURCE;
				MTL_FAST_MATH = YES;
				ONLY_ACTIVE_ARCH = YES;
				SDKROOT = iphoneos;
				SWIFT_ACTIVE_COMPILATION_CONDITIONS = DEBUG;
				SWIFT_OPTIMIZATION_LEVEL = "-Onone";
			};
			name = Debug;
		};
		BE40C20E228CA1C800FFB9AC /* Release */ = {
			isa = XCBuildConfiguration;
			buildSettings = {
				ALWAYS_SEARCH_USER_PATHS = NO;
				CLANG_ANALYZER_NONNULL = YES;
				CLANG_ANALYZER_NUMBER_OBJECT_CONVERSION = YES_AGGRESSIVE;
				CLANG_CXX_LANGUAGE_STANDARD = "gnu++14";
				CLANG_CXX_LIBRARY = "libc++";
				CLANG_ENABLE_MODULES = YES;
				CLANG_ENABLE_OBJC_ARC = YES;
				CLANG_ENABLE_OBJC_WEAK = YES;
				CLANG_WARN_BLOCK_CAPTURE_AUTORELEASING = YES;
				CLANG_WARN_BOOL_CONVERSION = YES;
				CLANG_WARN_COMMA = YES;
				CLANG_WARN_CONSTANT_CONVERSION = YES;
				CLANG_WARN_DEPRECATED_OBJC_IMPLEMENTATIONS = YES;
				CLANG_WARN_DIRECT_OBJC_ISA_USAGE = YES_ERROR;
				CLANG_WARN_DOCUMENTATION_COMMENTS = YES;
				CLANG_WARN_EMPTY_BODY = YES;
				CLANG_WARN_ENUM_CONVERSION = YES;
				CLANG_WARN_INFINITE_RECURSION = YES;
				CLANG_WARN_INT_CONVERSION = YES;
				CLANG_WARN_NON_LITERAL_NULL_CONVERSION = YES;
				CLANG_WARN_OBJC_IMPLICIT_RETAIN_SELF = YES;
				CLANG_WARN_OBJC_LITERAL_CONVERSION = YES;
				CLANG_WARN_OBJC_ROOT_CLASS = YES_ERROR;
				CLANG_WARN_RANGE_LOOP_ANALYSIS = YES;
				CLANG_WARN_STRICT_PROTOTYPES = YES;
				CLANG_WARN_SUSPICIOUS_MOVE = YES;
				CLANG_WARN_UNGUARDED_AVAILABILITY = YES_AGGRESSIVE;
				CLANG_WARN_UNREACHABLE_CODE = YES;
				CLANG_WARN__DUPLICATE_METHOD_MATCH = YES;
				CODE_SIGN_IDENTITY = "iPhone Developer";
				COPY_PHASE_STRIP = NO;
				DEBUG_INFORMATION_FORMAT = "dwarf-with-dsym";
				ENABLE_NS_ASSERTIONS = NO;
				ENABLE_STRICT_OBJC_MSGSEND = YES;
				GCC_C_LANGUAGE_STANDARD = gnu11;
				GCC_NO_COMMON_BLOCKS = YES;
				GCC_WARN_64_TO_32_BIT_CONVERSION = YES;
				GCC_WARN_ABOUT_RETURN_TYPE = YES_ERROR;
				GCC_WARN_UNDECLARED_SELECTOR = YES;
				GCC_WARN_UNINITIALIZED_AUTOS = YES_AGGRESSIVE;
				GCC_WARN_UNUSED_FUNCTION = YES;
				GCC_WARN_UNUSED_VARIABLE = YES;
				IPHONEOS_DEPLOYMENT_TARGET = 11.0;
				MTL_ENABLE_DEBUG_INFO = NO;
				MTL_FAST_MATH = YES;
				SDKROOT = iphoneos;
				SWIFT_COMPILATION_MODE = wholemodule;
				SWIFT_OPTIMIZATION_LEVEL = "-O";
				VALIDATE_PRODUCT = YES;
			};
			name = Release;
		};
		BE40C210228CA1C800FFB9AC /* Debug */ = {
			isa = XCBuildConfiguration;
			buildSettings = {
				ASSETCATALOG_COMPILER_APPICON_NAME = AppIcon;
				CODE_SIGN_STYLE = Automatic;
				DEVELOPMENT_TEAM = QHQL7836SK;
				INFOPLIST_FILE = Preacher/Info.plist;
				LD_RUNPATH_SEARCH_PATHS = (
					"$(inherited)",
					"@executable_path/Frameworks",
				);
				PRODUCT_BUNDLE_IDENTIFIER = com.eyerise.Preacher;
				PRODUCT_NAME = "$(TARGET_NAME)";
				SWIFT_VERSION = 5.0;
				TARGETED_DEVICE_FAMILY = 1;
			};
			name = Debug;
		};
		BE40C211228CA1C800FFB9AC /* Release */ = {
			isa = XCBuildConfiguration;
			buildSettings = {
				ASSETCATALOG_COMPILER_APPICON_NAME = AppIcon;
				CODE_SIGN_STYLE = Automatic;
				DEVELOPMENT_TEAM = QHQL7836SK;
				INFOPLIST_FILE = Preacher/Info.plist;
				LD_RUNPATH_SEARCH_PATHS = (
					"$(inherited)",
					"@executable_path/Frameworks",
				);
				PRODUCT_BUNDLE_IDENTIFIER = com.eyerise.Preacher;
				PRODUCT_NAME = "$(TARGET_NAME)";
				SWIFT_VERSION = 5.0;
				TARGETED_DEVICE_FAMILY = 1;
			};
			name = Release;
		};
/* End XCBuildConfiguration section */

/* Begin XCConfigurationList section */
		BE40C1F5228CA1C700FFB9AC /* Build configuration list for PBXProject "Preacher" */ = {
			isa = XCConfigurationList;
			buildConfigurations = (
				BE40C20D228CA1C800FFB9AC /* Debug */,
				BE40C20E228CA1C800FFB9AC /* Release */,
			);
			defaultConfigurationIsVisible = 0;
			defaultConfigurationName = Release;
		};
		BE40C20F228CA1C800FFB9AC /* Build configuration list for PBXNativeTarget "Preacher" */ = {
			isa = XCConfigurationList;
			buildConfigurations = (
				BE40C210228CA1C800FFB9AC /* Debug */,
				BE40C211228CA1C800FFB9AC /* Release */,
			);
			defaultConfigurationIsVisible = 0;
			defaultConfigurationName = Release;
		};
/* End XCConfigurationList section */

/* Begin XCVersionGroup section */
		BE40C204228CA1C700FFB9AC /* Preacher.xcdatamodeld */ = {
			isa = XCVersionGroup;
			children = (
				BE40C205228CA1C700FFB9AC /* Preacher.xcdatamodel */,
			);
			currentVersion = BE40C205228CA1C700FFB9AC /* Preacher.xcdatamodel */;
			path = Preacher.xcdatamodeld;
			sourceTree = "<group>";
			versionGroupType = wrapper.xcdatamodel;
		};
/* End XCVersionGroup section */
	};
	rootObject = BE40C1F2228CA1C700FFB9AC /* Project object */;
}
